
Microsoft Visual Studio Solution File, Format Version 12.00
# Visual Studio Version 17
VisualStudioVersion = 17.14.36705.20
MinimumVisualStudioVersion = 10.0.40219.1
Project("{FAE04EC0-301F-11D3-BF4B-00C04F79EFBC}") = "MARS_Project", "MARS Project\MARS_Project.csproj", "{C780312A-02A7-46E2-B576-13CC285B20BD}"
EndProject
Global
	GlobalSection(SolutionConfigurationPlatforms) = preSolution
		Debug|Any CPU = Debug|Any CPU
		Release|Any CPU = Release|Any CPU
	EndGlobalSection
	GlobalSection(ProjectConfigurationPlatforms) = postSolution
		{C780312A-02A7-46E2-B576-13CC285B20BD}.Debug|Any CPU.ActiveCfg = Debug|Any CPU
		{C780312A-02A7-46E2-B576-13CC285B20BD}.Debug|Any CPU.Build.0 = Debug|Any CPU
		{C780312A-02A7-46E2-B576-13CC285B20BD}.Release|Any CPU.ActiveCfg = Release|Any CPU
		{C780312A-02A7-46E2-B576-13CC285B20BD}.Release|Any CPU.Build.0 = Release|Any CPU
	EndGlobalSection
	GlobalSection(SolutionProperties) = preSolution
		HideSolutionNode = FALSE
	EndGlobalSection
	GlobalSection(ExtensibilityGlobals) = postSolution
		SolutionGuid = {1FB26904-81A8-47F9-9D58-3B3AB0A8A061}
	EndGlobalSection
EndGlobal
